
Microsoft Visual Studio Solution File, Format Version 12.00
# Visual Studio Version 16
VisualStudioVersion = 16.0.29519.87
MinimumVisualStudioVersion = 10.0.40219.1
Project("{FAE04EC0-301F-11D3-BF4B-00C04F79EFBC}") = "Project.Shop.Bike_Components", "Project.Shop.Bike_Components\Project.Shop.Bike_Components.csproj", "{EF8D1F9D-3414-40FE-80FA-31663F16333C}"
EndProject
Global
	GlobalSection(SolutionConfigurationPlatforms) = preSolution
		Debug|Any CPU = Debug|Any CPU
		Release|Any CPU = Release|Any CPU
	EndGlobalSection
	GlobalSection(ProjectConfigurationPlatforms) = postSolution
		{EF8D1F9D-3414-40FE-80FA-31663F16333C}.Debug|Any CPU.ActiveCfg = Debug|Any CPU
		{EF8D1F9D-3414-40FE-80FA-31663F16333C}.Debug|Any CPU.Build.0 = Debug|Any CPU
		{EF8D1F9D-3414-40FE-80FA-31663F16333C}.Release|Any CPU.ActiveCfg = Release|Any CPU
		{EF8D1F9D-3414-40FE-80FA-31663F16333C}.Release|Any CPU.Build.0 = Release|Any CPU
	EndGlobalSection
	GlobalSection(SolutionProperties) = preSolution
		HideSolutionNode = FALSE
	EndGlobalSection
	GlobalSection(ExtensibilityGlobals) = postSolution
		SolutionGuid = {DFE34C14-0A51-4726-9A0C-79A761D8F7CA}
	EndGlobalSection
EndGlobal
