
Microsoft Visual Studio Solution File, Format Version 12.00
# Visual Studio Version 16
VisualStudioVersion = 16.0.29519.87
MinimumVisualStudioVersion = 10.0.40219.1
Project("{9A19103F-16F7-4668-BE54-9A1E7A4F7556}") = "HW04.Task1", "HW04.Task1\HW04.Task1.csproj", "{C599CE41-407B-40A1-8CCA-3E50937EFCDE}"
EndProject
Project("{FAE04EC0-301F-11D3-BF4B-00C04F79EFBC}") = "HW04.Task2", "HW04.Task2\HW04.Task2.csproj", "{B3A9155F-2522-4B20-953A-90B3A2E7A613}"
EndProject
Global
	GlobalSection(SolutionConfigurationPlatforms) = preSolution
		Debug|Any CPU = Debug|Any CPU
		Release|Any CPU = Release|Any CPU
	EndGlobalSection
	GlobalSection(ProjectConfigurationPlatforms) = postSolution
		{C599CE41-407B-40A1-8CCA-3E50937EFCDE}.Debug|Any CPU.ActiveCfg = Debug|Any CPU
		{C599CE41-407B-40A1-8CCA-3E50937EFCDE}.Debug|Any CPU.Build.0 = Debug|Any CPU
		{C599CE41-407B-40A1-8CCA-3E50937EFCDE}.Release|Any CPU.ActiveCfg = Release|Any CPU
		{C599CE41-407B-40A1-8CCA-3E50937EFCDE}.Release|Any CPU.Build.0 = Release|Any CPU
		{B3A9155F-2522-4B20-953A-90B3A2E7A613}.Debug|Any CPU.ActiveCfg = Debug|Any CPU
		{B3A9155F-2522-4B20-953A-90B3A2E7A613}.Debug|Any CPU.Build.0 = Debug|Any CPU
		{B3A9155F-2522-4B20-953A-90B3A2E7A613}.Release|Any CPU.ActiveCfg = Release|Any CPU
		{B3A9155F-2522-4B20-953A-90B3A2E7A613}.Release|Any CPU.Build.0 = Release|Any CPU
	EndGlobalSection
	GlobalSection(SolutionProperties) = preSolution
		HideSolutionNode = FALSE
	EndGlobalSection
	GlobalSection(ExtensibilityGlobals) = postSolution
		SolutionGuid = {D86FCE24-6D16-483B-B330-0DFF4D13AB71}
	EndGlobalSection
EndGlobal
