
Microsoft Visual Studio Solution File, Format Version 12.00
# Visual Studio Version 16
VisualStudioVersion = 16.0.29519.87
MinimumVisualStudioVersion = 10.0.40219.1


Project("{9A19103F-16F7-4668-BE54-9A1E7A4F7556}") = "HW.02", "HW.02\HW.02.csproj", "{95B58FB7-3CF5-4BC1-9FFA-E855B49729AF}"
EndProject
Project("{2150E333-8FDC-42A3-9474-1A3956D46DE8}") = "image", "image", "{F23AFE43-03D9-4C18-8D56-0F5343D8F5C6}"
	ProjectSection(SolutionItems) = preProject
		..\..\Screenshot_1.png = ..\..\Screenshot_1.png
	EndProjectSection
EndProject
Project("{FAE04EC0-301F-11D3-BF4B-00C04F79EFBC}") = "HW03.Task1", "HW03.Task1\HW03.Task1.csproj", "{74EDF641-8386-483D-98B8-281649147500}"
EndProject
Project("{FAE04EC0-301F-11D3-BF4B-00C04F79EFBC}") = "HW03.Task2", "HW03.Task2\HW03.Task2.csproj", "{C4E06FA0-08B0-4469-9F89-E11A875788DF}"
EndProject
Project("{9A19103F-16F7-4668-BE54-9A1E7A4F7556}") = "HW06.Task1", "HW06.Task1\HW06.Task1.csproj", "{4BDD10A6-D9F3-4FC9-83F2-87E4411450F0}"
EndProject
Project("{9A19103F-16F7-4668-BE54-9A1E7A4F7556}") = "HW06.Task2", "HW06.Task2\HW06.Task2.csproj", "{AF5B4A06-FE8B-434A-9539-910BCAB3F7CD}"
EndProject
Project("{FAE04EC0-301F-11D3-BF4B-00C04F79EFBC}") = "HW06.Task3", "HW06.Task3\HW06.Task3.csproj", "{6E8143D4-660D-45CA-B65A-E346380CBA81}"
EndProject
Project("{FAE04EC0-301F-11D3-BF4B-00C04F79EFBC}") = "HW07.Task1", "HW07.Task1\HW07.Task1.csproj", "{A8809031-9DDC-4A42-BF5B-D456BA53B236}"
EndProject
Project("{FAE04EC0-301F-11D3-BF4B-00C04F79EFBC}") = "HW07.Task2", "HW07.Task2\HW07.Task2.csproj", "{928918E4-7754-4F0D-BE3A-542D1A49AF20}"
EndProject
Project("{9A19103F-16F7-4668-BE54-9A1E7A4F7556}") = "HW08.Task1", "HW08.Task1\HW08.Task1.csproj", "{D24B4816-A477-4C0D-9DD8-639943CA5FC6}"
EndProject
Project("{FAE04EC0-301F-11D3-BF4B-00C04F79EFBC}") = "AssemblyOne", "AssemblyOne\AssemblyOne.csproj", "{07905B34-8109-43AC-81A7-AD4921492363}"
EndProject
Project("{FAE04EC0-301F-11D3-BF4B-00C04F79EFBC}") = "AssemblyTwo", "AssemblyTwo\AssemblyTwo.csproj", "{B279B900-B09E-4178-A4A9-10EB291BA2C6}"
EndProject
Project("{9A19103F-16F7-4668-BE54-9A1E7A4F7556}") = "HW09.Task1", "HW09.Task1\HW09.Task1.csproj", "{7C3D428A-4196-43D3-982C-59DFD460CA99}"
EndProject
Project("{9A19103F-16F7-4668-BE54-9A1E7A4F7556}") = "HW10.Task1", "HW10.Task1\HW10.Task1.csproj", "{42F1D580-E25A-449A-8E6B-BD522CF5C4A6}"
EndProject
Project("{9A19103F-16F7-4668-BE54-9A1E7A4F7556}") = "HW10.Task2", "HW10.Task2\HW10.Task2.csproj", "{EC712CA6-49AC-4A53-99BE-CDF329E7EE3D}"
EndProject
Project("{9A19103F-16F7-4668-BE54-9A1E7A4F7556}") = "HW10.Task3", "HW10.Task3\HW10.Task3.csproj", "{DD209852-5848-4FA3-9D53-86FEECBAFF73}"
EndProject
Project("{9A19103F-16F7-4668-BE54-9A1E7A4F7556}") = "HW10.Task4", "HW10.Task4\HW10.Task4.csproj", "{7CA82980-089B-41B5-8933-B87D478556F3}"
EndProject
Project("{FAE04EC0-301F-11D3-BF4B-00C04F79EFBC}") = "HW10.Task5", "HW10.Task5\HW10.Task5.csproj", "{C2D35D52-04B2-438E-A3F7-609733126D06}"
EndProject
Project("{FAE04EC0-301F-11D3-BF4B-00C04F79EFBC}") = "HW11.Task1", "HW11.Task1\HW11.Task1.csproj", "{FF1F4214-F407-4224-A22C-7EA84F3051CA}"
EndProject


Global
	GlobalSection(SolutionConfigurationPlatforms) = preSolution
		Debug|Any CPU = Debug|Any CPU
		Release|Any CPU = Release|Any CPU
	EndGlobalSection
	GlobalSection(ProjectConfigurationPlatforms) = postSolution


		{95B58FB7-3CF5-4BC1-9FFA-E855B49729AF}.Debug|Any CPU.ActiveCfg = Debug|Any CPU
		{95B58FB7-3CF5-4BC1-9FFA-E855B49729AF}.Debug|Any CPU.Build.0 = Debug|Any CPU
		{95B58FB7-3CF5-4BC1-9FFA-E855B49729AF}.Release|Any CPU.ActiveCfg = Release|Any CPU
		{95B58FB7-3CF5-4BC1-9FFA-E855B49729AF}.Release|Any CPU.Build.0 = Release|Any CPU
		{74EDF641-8386-483D-98B8-281649147500}.Debug|Any CPU.ActiveCfg = Debug|Any CPU
		{74EDF641-8386-483D-98B8-281649147500}.Debug|Any CPU.Build.0 = Debug|Any CPU
		{74EDF641-8386-483D-98B8-281649147500}.Release|Any CPU.ActiveCfg = Release|Any CPU
		{74EDF641-8386-483D-98B8-281649147500}.Release|Any CPU.Build.0 = Release|Any CPU
		{C4E06FA0-08B0-4469-9F89-E11A875788DF}.Debug|Any CPU.ActiveCfg = Debug|Any CPU
		{C4E06FA0-08B0-4469-9F89-E11A875788DF}.Debug|Any CPU.Build.0 = Debug|Any CPU
		{C4E06FA0-08B0-4469-9F89-E11A875788DF}.Release|Any CPU.ActiveCfg = Release|Any CPU
		{C4E06FA0-08B0-4469-9F89-E11A875788DF}.Release|Any CPU.Build.0 = Release|Any CPU

    {4BDD10A6-D9F3-4FC9-83F2-87E4411450F0}.Debug|Any CPU.ActiveCfg = Debug|Any CPU
		{4BDD10A6-D9F3-4FC9-83F2-87E4411450F0}.Debug|Any CPU.Build.0 = Debug|Any CPU
		{4BDD10A6-D9F3-4FC9-83F2-87E4411450F0}.Release|Any CPU.ActiveCfg = Release|Any CPU
		{4BDD10A6-D9F3-4FC9-83F2-87E4411450F0}.Release|Any CPU.Build.0 = Release|Any CPU
		{AF5B4A06-FE8B-434A-9539-910BCAB3F7CD}.Debug|Any CPU.ActiveCfg = Debug|Any CPU
		{AF5B4A06-FE8B-434A-9539-910BCAB3F7CD}.Debug|Any CPU.Build.0 = Debug|Any CPU
		{AF5B4A06-FE8B-434A-9539-910BCAB3F7CD}.Release|Any CPU.ActiveCfg = Release|Any CPU
		{AF5B4A06-FE8B-434A-9539-910BCAB3F7CD}.Release|Any CPU.Build.0 = Release|Any CPU
		{6E8143D4-660D-45CA-B65A-E346380CBA81}.Debug|Any CPU.ActiveCfg = Debug|Any CPU
		{6E8143D4-660D-45CA-B65A-E346380CBA81}.Debug|Any CPU.Build.0 = Debug|Any CPU
		{6E8143D4-660D-45CA-B65A-E346380CBA81}.Release|Any CPU.ActiveCfg = Release|Any CPU
		{6E8143D4-660D-45CA-B65A-E346380CBA81}.Release|Any CPU.Build.0 = Release|Any CPU
    
    {A8809031-9DDC-4A42-BF5B-D456BA53B236}.Debug|Any CPU.ActiveCfg = Debug|Any CPU
		{A8809031-9DDC-4A42-BF5B-D456BA53B236}.Debug|Any CPU.Build.0 = Debug|Any CPU
		{A8809031-9DDC-4A42-BF5B-D456BA53B236}.Release|Any CPU.ActiveCfg = Release|Any CPU
		{A8809031-9DDC-4A42-BF5B-D456BA53B236}.Release|Any CPU.Build.0 = Release|Any CPU
		{928918E4-7754-4F0D-BE3A-542D1A49AF20}.Debug|Any CPU.ActiveCfg = Debug|Any CPU
		{928918E4-7754-4F0D-BE3A-542D1A49AF20}.Debug|Any CPU.Build.0 = Debug|Any CPU
		{928918E4-7754-4F0D-BE3A-542D1A49AF20}.Release|Any CPU.ActiveCfg = Release|Any CPU
		{928918E4-7754-4F0D-BE3A-542D1A49AF20}.Release|Any CPU.Build.0 = Release|Any CPU
    
    {D24B4816-A477-4C0D-9DD8-639943CA5FC6}.Debug|Any CPU.ActiveCfg = Debug|Any CPU
		{D24B4816-A477-4C0D-9DD8-639943CA5FC6}.Debug|Any CPU.Build.0 = Debug|Any CPU
		{D24B4816-A477-4C0D-9DD8-639943CA5FC6}.Release|Any CPU.ActiveCfg = Release|Any CPU
		{D24B4816-A477-4C0D-9DD8-639943CA5FC6}.Release|Any CPU.Build.0 = Release|Any CPU
		{07905B34-8109-43AC-81A7-AD4921492363}.Debug|Any CPU.ActiveCfg = Debug|Any CPU
		{07905B34-8109-43AC-81A7-AD4921492363}.Debug|Any CPU.Build.0 = Debug|Any CPU
		{07905B34-8109-43AC-81A7-AD4921492363}.Release|Any CPU.ActiveCfg = Release|Any CPU
		{07905B34-8109-43AC-81A7-AD4921492363}.Release|Any CPU.Build.0 = Release|Any CPU
		{B279B900-B09E-4178-A4A9-10EB291BA2C6}.Debug|Any CPU.ActiveCfg = Debug|Any CPU
		{B279B900-B09E-4178-A4A9-10EB291BA2C6}.Debug|Any CPU.Build.0 = Debug|Any CPU
		{B279B900-B09E-4178-A4A9-10EB291BA2C6}.Release|Any CPU.ActiveCfg = Release|Any CPU
		{B279B900-B09E-4178-A4A9-10EB291BA2C6}.Release|Any CPU.Build.0 = Release|Any CPU
    
    {7C3D428A-4196-43D3-982C-59DFD460CA99}.Debug|Any CPU.ActiveCfg = Debug|Any CPU
		{7C3D428A-4196-43D3-982C-59DFD460CA99}.Debug|Any CPU.Build.0 = Debug|Any CPU
		{7C3D428A-4196-43D3-982C-59DFD460CA99}.Release|Any CPU.ActiveCfg = Release|Any CPU
		{7C3D428A-4196-43D3-982C-59DFD460CA99}.Release|Any CPU.Build.0 = Release|Any CPU
    
    {42F1D580-E25A-449A-8E6B-BD522CF5C4A6}.Debug|Any CPU.ActiveCfg = Debug|Any CPU
		{42F1D580-E25A-449A-8E6B-BD522CF5C4A6}.Debug|Any CPU.Build.0 = Debug|Any CPU
		{42F1D580-E25A-449A-8E6B-BD522CF5C4A6}.Release|Any CPU.ActiveCfg = Release|Any CPU
		{42F1D580-E25A-449A-8E6B-BD522CF5C4A6}.Release|Any CPU.Build.0 = Release|Any CPU
		{EC712CA6-49AC-4A53-99BE-CDF329E7EE3D}.Debug|Any CPU.ActiveCfg = Debug|Any CPU
		{EC712CA6-49AC-4A53-99BE-CDF329E7EE3D}.Debug|Any CPU.Build.0 = Debug|Any CPU
		{EC712CA6-49AC-4A53-99BE-CDF329E7EE3D}.Release|Any CPU.ActiveCfg = Release|Any CPU
		{EC712CA6-49AC-4A53-99BE-CDF329E7EE3D}.Release|Any CPU.Build.0 = Release|Any CPU
		{DD209852-5848-4FA3-9D53-86FEECBAFF73}.Debug|Any CPU.ActiveCfg = Debug|Any CPU
		{DD209852-5848-4FA3-9D53-86FEECBAFF73}.Debug|Any CPU.Build.0 = Debug|Any CPU
		{DD209852-5848-4FA3-9D53-86FEECBAFF73}.Release|Any CPU.ActiveCfg = Release|Any CPU
		{DD209852-5848-4FA3-9D53-86FEECBAFF73}.Release|Any CPU.Build.0 = Release|Any CPU
		{7CA82980-089B-41B5-8933-B87D478556F3}.Debug|Any CPU.ActiveCfg = Debug|Any CPU
		{7CA82980-089B-41B5-8933-B87D478556F3}.Debug|Any CPU.Build.0 = Debug|Any CPU
		{7CA82980-089B-41B5-8933-B87D478556F3}.Release|Any CPU.ActiveCfg = Release|Any CPU
		{7CA82980-089B-41B5-8933-B87D478556F3}.Release|Any CPU.Build.0 = Release|Any CPU
		{C2D35D52-04B2-438E-A3F7-609733126D06}.Debug|Any CPU.ActiveCfg = Debug|Any CPU
		{C2D35D52-04B2-438E-A3F7-609733126D06}.Debug|Any CPU.Build.0 = Debug|Any CPU
		{C2D35D52-04B2-438E-A3F7-609733126D06}.Release|Any CPU.ActiveCfg = Release|Any CPU
		{C2D35D52-04B2-438E-A3F7-609733126D06}.Release|Any CPU.Build.0 = Release|Any CPU
    
    {FF1F4214-F407-4224-A22C-7EA84F3051CA}.Debug|Any CPU.ActiveCfg = Debug|Any CPU
		{FF1F4214-F407-4224-A22C-7EA84F3051CA}.Debug|Any CPU.Build.0 = Debug|Any CPU
		{FF1F4214-F407-4224-A22C-7EA84F3051CA}.Release|Any CPU.ActiveCfg = Release|Any CPU
		{FF1F4214-F407-4224-A22C-7EA84F3051CA}.Release|Any CPU.Build.0 = Release|Any CPU




	EndGlobalSection
	GlobalSection(SolutionProperties) = preSolution
		HideSolutionNode = FALSE
	EndGlobalSection
	GlobalSection(ExtensibilityGlobals) = postSolution
		SolutionGuid = {D86FCE24-6D16-483B-B330-0DFF4D13AB71}
	EndGlobalSection
EndGlobal
